{
  "name": "lptk",
  "version": "1.0.0",
  "lockfileVersion": 2,
  "requires": true,
  "packages": {
    "": {
      "name": "lptk",
      "version": "1.0.0",
      "license": "ISC",
      "workspaces": [
        "packages/gematria-primus",
        "packages/book",
        "packages/ciphers",
        "packages/keystreamer",
        "packages/toolkit",
        "packages/translator",
        "packages/whypto",
        "packages/wordlists"
      ]
    },
    "node_modules/@lptk/book": {
      "resolved": "packages/book",
      "link": true
    },
    "node_modules/@lptk/ciphers": {
      "resolved": "packages/ciphers",
      "link": true
    },
    "node_modules/@lptk/gematria-primus": {
      "resolved": "packages/gematria-primus",
      "link": true
    },
    "node_modules/@lptk/keystreamer": {
      "resolved": "packages/keystreamer",
      "link": true
    },
    "node_modules/@lptk/toolkit": {
      "resolved": "packages/toolkit",
      "link": true
    },
    "node_modules/@lptk/translator": {
      "resolved": "packages/translator",
      "link": true
    },
    "node_modules/@lptk/whypto": {
      "resolved": "packages/whypto",
      "link": true
    },
    "node_modules/@lptk/wordlists": {
      "resolved": "packages/wordlists",
      "link": true
    },
    "node_modules/collect.js": {
      "version": "4.34.3",
      "resolved": "https://registry.npmjs.org/collect.js/-/collect.js-4.34.3.tgz",
      "integrity": "sha512-aFr67xDazPwthsGm729mnClgNuh15JEagU6McKBKqxuHOkWL7vMFzGbhsXDdPZ+H6ia5QKIMGYuGOMENBHnVpg=="
    },
    "node_modules/primes-and-factors": {
      "version": "1.3.3",
      "resolved": "https://registry.npmjs.org/primes-and-factors/-/primes-and-factors-1.3.3.tgz",
      "integrity": "sha512-1HHWlSQ0adu5Sa8138AJnLqtnvbnyIZJnYCdjWCE54HxofJLtCE7i9WeJ1lhkaY6lKg6kvhKtYx7kAvXPCcNZg=="
    },
    "node_modules/wordlist-english": {
      "version": "1.2.1",
      "resolved": "https://registry.npmjs.org/wordlist-english/-/wordlist-english-1.2.1.tgz",
      "integrity": "sha512-vaiQQiu95UeON0WZFtiTrWfZmIiUd2rhrhMCBeEzwq3oTVzHCX8naGCqv/smSspE9kH2sN+E8lZyV0JZjqSzGw=="
    },
    "packages/book": {
      "name": "@lptk/book",
      "version": "0.0.6",
      "license": "ISC"
    },
    "packages/ciphers": {
      "name": "@lptk/ciphers",
      "version": "0.0.7",
      "license": "ISC"
    },
    "packages/gematria-primus": {
      "name": "@lptk/gematria-primus",
      "version": "0.0.5",
      "license": "ISC",
      "dependencies": {
        "collect.js": "^4.16.5"
      }
    },
    "packages/keystreamer": {
      "name": "@lptk/keystreamer",
      "version": "0.0.7",
      "license": "ISC",
      "dependencies": {
        "primes-and-factors": "^1.3.2"
      }
    },
    "packages/toolkit": {
      "name": "@lptk/toolkit",
      "version": "0.0.0",
      "license": "ISC"
    },
    "packages/translator": {
      "name": "@lptk/translator",
      "version": "0.0.7",
      "license": "ISC",
      "dependencies": {
        "@lptk/gematria-primus": "*"
      }
    },
    "packages/whypto": {
      "name": "@lptk/whypto",
      "version": "0.0.6",
      "license": "ISC",
      "dependencies": {
        "@lptk/ciphers": "*",
        "@lptk/translator": "*"
      }
    },
    "packages/wordlists": {
      "name": "@lptk/wordlists",
      "version": "0.0.1",
      "license": "ISC",
      "dependencies": {
        "@lptk/translator": "*",
        "wordlist-english": "^1.2.1"
      }
    }
  },
  "dependencies": {
    "@lptk/book": {
      "version": "file:packages/book"
    },
    "@lptk/ciphers": {
      "version": "file:packages/ciphers"
    },
    "@lptk/gematria-primus": {
      "version": "file:packages/gematria-primus",
      "requires": {
        "collect.js": "^4.16.5"
      }
    },
    "@lptk/keystreamer": {
      "version": "file:packages/keystreamer",
      "requires": {
        "primes-and-factors": "^1.3.2"
      }
    },
    "@lptk/toolkit": {
      "version": "file:packages/toolkit"
    },
    "@lptk/translator": {
      "version": "file:packages/translator",
      "requires": {
        "@lptk/gematria-primus": "*"
      }
    },
    "@lptk/whypto": {
      "version": "file:packages/whypto",
      "requires": {
        "@lptk/ciphers": "*",
        "@lptk/translator": "*"
      }
    },
    "@lptk/wordlists": {
      "version": "file:packages/wordlists",
      "requires": {
        "@lptk/translator": "*",
        "wordlist-english": "^1.2.1"
      }
    },
    "collect.js": {
      "version": "4.34.3",
      "resolved": "https://registry.npmjs.org/collect.js/-/collect.js-4.34.3.tgz",
      "integrity": "sha512-aFr67xDazPwthsGm729mnClgNuh15JEagU6McKBKqxuHOkWL7vMFzGbhsXDdPZ+H6ia5QKIMGYuGOMENBHnVpg=="
    },
    "primes-and-factors": {
      "version": "1.3.3",
      "resolved": "https://registry.npmjs.org/primes-and-factors/-/primes-and-factors-1.3.3.tgz",
      "integrity": "sha512-1HHWlSQ0adu5Sa8138AJnLqtnvbnyIZJnYCdjWCE54HxofJLtCE7i9WeJ1lhkaY6lKg6kvhKtYx7kAvXPCcNZg=="
    },
    "wordlist-english": {
      "version": "1.2.1",
      "resolved": "https://registry.npmjs.org/wordlist-english/-/wordlist-english-1.2.1.tgz",
      "integrity": "sha512-vaiQQiu95UeON0WZFtiTrWfZmIiUd2rhrhMCBeEzwq3oTVzHCX8naGCqv/smSspE9kH2sN+E8lZyV0JZjqSzGw=="
    }
  }
}
